{
  "version": "5",
  "specifiers": {
    "npm:@supabase/supabase-js@^2.43.4": "2.95.1",
    "npm:hono@^4.6.0": "4.11.7"
  },
  "npm": {
    "@supabase/auth-js@2.95.1": {
      "integrity": "sha512-fl1MeO3GgRXX0fQZ1/ty2bIlEWGzHsC1dwtrmxr0OkjRf0QjkHQ+SMjby4iqN9WnASHb8AH4sP6FjG3bJVo3fg==",
      "dependencies": [
        "tslib"
      ]
    },
    "@supabase/functions-js@2.95.1": {
      "integrity": "sha512-JiF16+aCkh0Kqyc3xXGh6cUEuTKIFPix3dZNl/SjCb5vaWuMSeQaROwPnQ89BeTH1Z7VS43ydPUzD0zcaxULGA==",
      "dependencies": [
        "tslib"
      ]
    },
    "@supabase/postgrest-js@2.95.1": {
      "integrity": "sha512-1g97xV0jmEA5wmRGpJfbuO0F3bNJn+JERkRu0/YiUeodg7GKT4o06+LoayFDwrquXK+kzrxnDUZAkSOPELbGsg==",
      "dependencies": [
        "tslib"
      ]
    },
    "@supabase/realtime-js@2.95.1": {
      "integrity": "sha512-ZBzxkAqPq8D4vfoAG2D6H1lZuaOE2PpUVZs0tGIeKpgRYMsfG2wn/njKKNQdXEuu0ngXva/QI98GsZF8Pbqyhg==",
      "dependencies": [
        "@types/phoenix",
        "@types/ws",
        "tslib",
        "ws"
      ]
    },
    "@supabase/storage-js@2.95.1": {
      "integrity": "sha512-OB2TvLx5hXJ9MWd3LFze9+kAB2Ap/EWSwLeEdxQZrV+JhGtUxuS2wxHnVMEhNiu/k3gyRNAdI9888RRmC2wnLA==",
      "dependencies": [
        "iceberg-js",
        "tslib"
      ]
    },
    "@supabase/supabase-js@2.95.1": {
      "integrity": "sha512-ow3ZqJfb3JkLF8MDxVOl3FAy39pGF1uWgr5nitcwEMwjJTt7yk/s8sQPcGrTL29xOqQB+v5hQDWYr7906k4a3A==",
      "dependencies": [
        "@supabase/auth-js",
        "@supabase/functions-js",
        "@supabase/postgrest-js",
        "@supabase/realtime-js",
        "@supabase/storage-js"
      ]
    },
    "@types/node@25.2.1": {
      "integrity": "sha512-CPrnr8voK8vC6eEtyRzvMpgp3VyVRhgclonE7qYi6P9sXwYb59ucfrnmFBTaP0yUi8Gk4yZg/LlTJULGxvTNsg==",
      "dependencies": [
        "undici-types"
      ]
    },
    "@types/phoenix@1.6.7": {
      "integrity": "sha512-oN9ive//QSBkf19rfDv45M7eZPi0eEXylht2OLEXicu5b4KoQ1OzXIw+xDSGWxSxe1JmepRR/ZH283vsu518/Q=="
    },
    "@types/ws@8.18.1": {
      "integrity": "sha512-ThVF6DCVhA8kUGy+aazFQ4kXQ7E1Ty7A3ypFOe0IcJV8O/M511G99AW24irKrW56Wt44yG9+ij8FaqoBGkuBXg==",
      "dependencies": [
        "@types/node"
      ]
    },
    "hono@4.11.7": {
      "integrity": "sha512-l7qMiNee7t82bH3SeyUCt9UF15EVmaBvsppY2zQtrbIhl/yzBTny+YUxsVjSjQ6gaqaeVtZmGocom8TzBlA4Yw=="
    },
    "iceberg-js@0.8.1": {
      "integrity": "sha512-1dhVQZXhcHje7798IVM+xoo/1ZdVfzOMIc8/rgVSijRK38EDqOJoGula9N/8ZI5RD8QTxNQtK/Gozpr+qUqRRA=="
    },
    "tslib@2.8.1": {
      "integrity": "sha512-oJFu94HQb+KVduSUQL7wnpmqnfmLsOA/nAh6b6EH0wCEoK0/mPeXU6c3wKDV83MkOuHPRHtSXKKU99IBazS/2w=="
    },
    "undici-types@7.16.0": {
      "integrity": "sha512-Zz+aZWSj8LE6zoxD+xrjh4VfkIG8Ya6LvYkZqtUQGJPZjYl53ypCaUwWqo7eI0x66KBGeRo+mlBEkMSeSZ38Nw=="
    },
    "ws@8.19.0": {
      "integrity": "sha512-blAT2mjOEIi0ZzruJfIhb3nps74PRWTCz1IjglWEEpQl5XS/UNama6u2/rjFkDDouqr4L67ry+1aGIALViWjDg=="
    }
  },
  "workspace": {
    "dependencies": [
      "npm:@supabase/supabase-js@^2.43.4",
      "npm:hono@^4.6.0"
    ]
  }
}
